// !$*UTF8*$!
{
	archiveVersion = 1;
	classes = {
	};
	objectVersion = 56;
	objects = {

/* Begin PBXBuildFile section */
		150773CA2C78CE8200CE7044 /* AppDelegate.swift in Sources */ = {isa = PBXBuildFile; fileRef = 150773C92C78CE8200CE7044 /* AppDelegate.swift */; };
		150773CC2C78CE8200CE7044 /* SceneDelegate.swift in Sources */ = {isa = PBXBuildFile; fileRef = 150773CB2C78CE8200CE7044 /* SceneDelegate.swift */; };
		150773CE2C78CE8200CE7044 /* TodoListViewController.swift in Sources */ = {isa = PBXBuildFile; fileRef = 150773CD2C78CE8200CE7044 /* TodoListViewController.swift */; };
		150773D42C78CE8200CE7044 /* EffectiveToDo.xcdatamodeld in Sources */ = {isa = PBXBuildFile; fileRef = 150773D22C78CE8200CE7044 /* EffectiveToDo.xcdatamodeld */; };
		150773D62C78CE8400CE7044 /* Assets.xcassets in Resources */ = {isa = PBXBuildFile; fileRef = 150773D52C78CE8400CE7044 /* Assets.xcassets */; };
		150773D92C78CE8400CE7044 /* LaunchScreen.storyboard in Resources */ = {isa = PBXBuildFile; fileRef = 150773D72C78CE8400CE7044 /* LaunchScreen.storyboard */; };
		150773E42C78CE8400CE7044 /* EffectiveToDoTests.swift in Sources */ = {isa = PBXBuildFile; fileRef = 150773E32C78CE8400CE7044 /* EffectiveToDoTests.swift */; };
		150773EE2C78CE8400CE7044 /* EffectiveToDoUITests.swift in Sources */ = {isa = PBXBuildFile; fileRef = 150773ED2C78CE8400CE7044 /* EffectiveToDoUITests.swift */; };
		150773F02C78CE8400CE7044 /* EffectiveToDoUITestsLaunchTests.swift in Sources */ = {isa = PBXBuildFile; fileRef = 150773EF2C78CE8400CE7044 /* EffectiveToDoUITestsLaunchTests.swift */; };
		150774012C7B0C8F00CE7044 /* UIViewExtension.swift in Sources */ = {isa = PBXBuildFile; fileRef = 150774002C7B0C8F00CE7044 /* UIViewExtension.swift */; };
		150774032C7B0CC600CE7044 /* NSObjectProtocol+Additions.swift in Sources */ = {isa = PBXBuildFile; fileRef = 150774022C7B0CC600CE7044 /* NSObjectProtocol+Additions.swift */; };
		1596BB1B2C7B162E0079D573 /* SnapKit in Frameworks */ = {isa = PBXBuildFile; productRef = 1596BB1A2C7B162E0079D573 /* SnapKit */; };
		1596BB1D2C7B162E0079D573 /* SnapKit-Dynamic in Frameworks */ = {isa = PBXBuildFile; productRef = 1596BB1C2C7B162E0079D573 /* SnapKit-Dynamic */; };
		1596BB202C7B17B80079D573 /* TodoTableViewCell.swift in Sources */ = {isa = PBXBuildFile; fileRef = 1596BB1F2C7B17B80079D573 /* TodoTableViewCell.swift */; };
		1596BB222C7B359C0079D573 /* StringExtensions.swift in Sources */ = {isa = PBXBuildFile; fileRef = 1596BB212C7B359C0079D573 /* StringExtensions.swift */; };
		1596BB252C7B7E840079D573 /* LaunchManager.swift in Sources */ = {isa = PBXBuildFile; fileRef = 1596BB242C7B7E840079D573 /* LaunchManager.swift */; };
		1596BB2C2C7B83AD0079D573 /* TodoListInteractor.swift in Sources */ = {isa = PBXBuildFile; fileRef = 1596BB2B2C7B83AD0079D573 /* TodoListInteractor.swift */; };
		1596BB2E2C7B83EE0079D573 /* TodoListPresenter.swift in Sources */ = {isa = PBXBuildFile; fileRef = 1596BB2D2C7B83EE0079D573 /* TodoListPresenter.swift */; };
		1596BB302C7B86370079D573 /* TodoListViewProtocol.swift in Sources */ = {isa = PBXBuildFile; fileRef = 1596BB2F2C7B86370079D573 /* TodoListViewProtocol.swift */; };
		1596BB322C7B869A0079D573 /* TodoListRouterProtocol.swift in Sources */ = {isa = PBXBuildFile; fileRef = 1596BB312C7B869A0079D573 /* TodoListRouterProtocol.swift */; };
		1596BB342C7B86A90079D573 /* Todo.swift in Sources */ = {isa = PBXBuildFile; fileRef = 1596BB332C7B86A90079D573 /* Todo.swift */; };
		1596BB362C7B87360079D573 /* CoreDataManager.swift in Sources */ = {isa = PBXBuildFile; fileRef = 1596BB352C7B87360079D573 /* CoreDataManager.swift */; };
		1596BB382C7B88F70079D573 /* TodoDBO+CoreDataClass.swift in Sources */ = {isa = PBXBuildFile; fileRef = 1596BB372C7B88F70079D573 /* TodoDBO+CoreDataClass.swift */; };
		1596BB3A2C7B8AC00079D573 /* TodoDBO+CoreDataProperties.swift in Sources */ = {isa = PBXBuildFile; fileRef = 1596BB392C7B8AC00079D573 /* TodoDBO+CoreDataProperties.swift */; };
		1596BB3D2C7B9B9B0079D573 /* TodoResponse.swift in Sources */ = {isa = PBXBuildFile; fileRef = 1596BB3C2C7B9B9B0079D573 /* TodoResponse.swift */; };
		1596BB3F2C7B9F4E0079D573 /* TodoListInteractorProtocol.swift in Sources */ = {isa = PBXBuildFile; fileRef = 1596BB3E2C7B9F4E0079D573 /* TodoListInteractorProtocol.swift */; };
		1596BB412C7B9FC90079D573 /* TodoListPresenterProtocol.swift in Sources */ = {isa = PBXBuildFile; fileRef = 1596BB402C7B9FC90079D573 /* TodoListPresenterProtocol.swift */; };
		1596BB432C7B9FF50079D573 /* TodoListRouter.swift in Sources */ = {isa = PBXBuildFile; fileRef = 1596BB422C7B9FF50079D573 /* TodoListRouter.swift */; };
		1596BB4D2C7BF49A0079D573 /* DetailViewController.swift in Sources */ = {isa = PBXBuildFile; fileRef = 1596BB4C2C7BF49A0079D573 /* DetailViewController.swift */; };
		1596BB4F2C7BF4E40079D573 /* DetailViewProtocol.swift in Sources */ = {isa = PBXBuildFile; fileRef = 1596BB4E2C7BF4E40079D573 /* DetailViewProtocol.swift */; };
		1596BB512C7BF54D0079D573 /* DetailPresenter.swift in Sources */ = {isa = PBXBuildFile; fileRef = 1596BB502C7BF54D0079D573 /* DetailPresenter.swift */; };
		1596BB542C7BF5A20079D573 /* DetailPresenterProtocol.swift in Sources */ = {isa = PBXBuildFile; fileRef = 1596BB532C7BF5A20079D573 /* DetailPresenterProtocol.swift */; };
		1596BB562C7BF5D80079D573 /* DetailInteractor.swift in Sources */ = {isa = PBXBuildFile; fileRef = 1596BB552C7BF5D80079D573 /* DetailInteractor.swift */; };
		1596BB582C7BF5E70079D573 /* DetailInteractorProtocol.swift in Sources */ = {isa = PBXBuildFile; fileRef = 1596BB572C7BF5E70079D573 /* DetailInteractorProtocol.swift */; };
		1596BB5A2C7BF6270079D573 /* DetailRouter.swift in Sources */ = {isa = PBXBuildFile; fileRef = 1596BB592C7BF6270079D573 /* DetailRouter.swift */; };
		1596BB5C2C7BF65C0079D573 /* DetailRouterProtocol.swift in Sources */ = {isa = PBXBuildFile; fileRef = 1596BB5B2C7BF65C0079D573 /* DetailRouterProtocol.swift */; };
		1596BB5E2C7E07EE0079D573 /* UIButtonExtensions.swift in Sources */ = {isa = PBXBuildFile; fileRef = 1596BB5D2C7E07EE0079D573 /* UIButtonExtensions.swift */; };
		1596BB602C7E162E0079D573 /* UIViewControllerExtensions.swift in Sources */ = {isa = PBXBuildFile; fileRef = 1596BB5F2C7E162E0079D573 /* UIViewControllerExtensions.swift */; };
/* End PBXBuildFile section */

/* Begin PBXContainerItemProxy section */
		150773E02C78CE8400CE7044 /* PBXContainerItemProxy */ = {
			isa = PBXContainerItemProxy;
			containerPortal = 150773BE2C78CE8200CE7044 /* Project object */;
			proxyType = 1;
			remoteGlobalIDString = 150773C52C78CE8200CE7044;
			remoteInfo = EffectiveToDo;
		};
		150773EA2C78CE8400CE7044 /* PBXContainerItemProxy */ = {
			isa = PBXContainerItemProxy;
			containerPortal = 150773BE2C78CE8200CE7044 /* Project object */;
			proxyType = 1;
			remoteGlobalIDString = 150773C52C78CE8200CE7044;
			remoteInfo = EffectiveToDo;
		};
/* End PBXContainerItemProxy section */

/* Begin PBXFileReference section */
		150773C62C78CE8200CE7044 /* EffectiveToDo.app */ = {isa = PBXFileReference; explicitFileType = wrapper.application; includeInIndex = 0; path = EffectiveToDo.app; sourceTree = BUILT_PRODUCTS_DIR; };
		150773C92C78CE8200CE7044 /* AppDelegate.swift */ = {isa = PBXFileReference; lastKnownFileType = sourcecode.swift; path = AppDelegate.swift; sourceTree = "<group>"; };
		150773CB2C78CE8200CE7044 /* SceneDelegate.swift */ = {isa = PBXFileReference; lastKnownFileType = sourcecode.swift; path = SceneDelegate.swift; sourceTree = "<group>"; };
		150773CD2C78CE8200CE7044 /* TodoListViewController.swift */ = {isa = PBXFileReference; lastKnownFileType = sourcecode.swift; path = TodoListViewController.swift; sourceTree = "<group>"; };
		150773D32C78CE8200CE7044 /* EffectiveToDo.xcdatamodel */ = {isa = PBXFileReference; lastKnownFileType = wrapper.xcdatamodel; path = EffectiveToDo.xcdatamodel; sourceTree = "<group>"; };
		150773D52C78CE8400CE7044 /* Assets.xcassets */ = {isa = PBXFileReference; lastKnownFileType = folder.assetcatalog; path = Assets.xcassets; sourceTree = "<group>"; };
		150773D82C78CE8400CE7044 /* Base */ = {isa = PBXFileReference; lastKnownFileType = file.storyboard; name = Base; path = Base.lproj/LaunchScreen.storyboard; sourceTree = "<group>"; };
		150773DA2C78CE8400CE7044 /* Info.plist */ = {isa = PBXFileReference; lastKnownFileType = text.plist.xml; path = Info.plist; sourceTree = "<group>"; };
		150773DF2C78CE8400CE7044 /* EffectiveToDoTests.xctest */ = {isa = PBXFileReference; explicitFileType = wrapper.cfbundle; includeInIndex = 0; path = EffectiveToDoTests.xctest; sourceTree = BUILT_PRODUCTS_DIR; };
		150773E32C78CE8400CE7044 /* EffectiveToDoTests.swift */ = {isa = PBXFileReference; lastKnownFileType = sourcecode.swift; path = EffectiveToDoTests.swift; sourceTree = "<group>"; };
		150773E92C78CE8400CE7044 /* EffectiveToDoUITests.xctest */ = {isa = PBXFileReference; explicitFileType = wrapper.cfbundle; includeInIndex = 0; path = EffectiveToDoUITests.xctest; sourceTree = BUILT_PRODUCTS_DIR; };
		150773ED2C78CE8400CE7044 /* EffectiveToDoUITests.swift */ = {isa = PBXFileReference; lastKnownFileType = sourcecode.swift; path = EffectiveToDoUITests.swift; sourceTree = "<group>"; };
		150773EF2C78CE8400CE7044 /* EffectiveToDoUITestsLaunchTests.swift */ = {isa = PBXFileReference; lastKnownFileType = sourcecode.swift; path = EffectiveToDoUITestsLaunchTests.swift; sourceTree = "<group>"; };
		150774002C7B0C8F00CE7044 /* UIViewExtension.swift */ = {isa = PBXFileReference; lastKnownFileType = sourcecode.swift; path = UIViewExtension.swift; sourceTree = "<group>"; };
		150774022C7B0CC600CE7044 /* NSObjectProtocol+Additions.swift */ = {isa = PBXFileReference; lastKnownFileType = sourcecode.swift; path = "NSObjectProtocol+Additions.swift"; sourceTree = "<group>"; };
		1596BB1F2C7B17B80079D573 /* TodoTableViewCell.swift */ = {isa = PBXFileReference; lastKnownFileType = sourcecode.swift; path = TodoTableViewCell.swift; sourceTree = "<group>"; };
		1596BB212C7B359C0079D573 /* StringExtensions.swift */ = {isa = PBXFileReference; lastKnownFileType = sourcecode.swift; path = StringExtensions.swift; sourceTree = "<group>"; };
		1596BB242C7B7E840079D573 /* LaunchManager.swift */ = {isa = PBXFileReference; lastKnownFileType = sourcecode.swift; path = LaunchManager.swift; sourceTree = "<group>"; };
		1596BB2B2C7B83AD0079D573 /* TodoListInteractor.swift */ = {isa = PBXFileReference; lastKnownFileType = sourcecode.swift; path = TodoListInteractor.swift; sourceTree = "<group>"; };
		1596BB2D2C7B83EE0079D573 /* TodoListPresenter.swift */ = {isa = PBXFileReference; lastKnownFileType = sourcecode.swift; path = TodoListPresenter.swift; sourceTree = "<group>"; };
		1596BB2F2C7B86370079D573 /* TodoListViewProtocol.swift */ = {isa = PBXFileReference; lastKnownFileType = sourcecode.swift; path = TodoListViewProtocol.swift; sourceTree = "<group>"; };
		1596BB312C7B869A0079D573 /* TodoListRouterProtocol.swift */ = {isa = PBXFileReference; lastKnownFileType = sourcecode.swift; path = TodoListRouterProtocol.swift; sourceTree = "<group>"; };
		1596BB332C7B86A90079D573 /* Todo.swift */ = {isa = PBXFileReference; lastKnownFileType = sourcecode.swift; path = Todo.swift; sourceTree = "<group>"; };
		1596BB352C7B87360079D573 /* CoreDataManager.swift */ = {isa = PBXFileReference; lastKnownFileType = sourcecode.swift; path = CoreDataManager.swift; sourceTree = "<group>"; };
		1596BB372C7B88F70079D573 /* TodoDBO+CoreDataClass.swift */ = {isa = PBXFileReference; lastKnownFileType = sourcecode.swift; path = "TodoDBO+CoreDataClass.swift"; sourceTree = "<group>"; };
		1596BB392C7B8AC00079D573 /* TodoDBO+CoreDataProperties.swift */ = {isa = PBXFileReference; lastKnownFileType = sourcecode.swift; path = "TodoDBO+CoreDataProperties.swift"; sourceTree = "<group>"; };
		1596BB3C2C7B9B9B0079D573 /* TodoResponse.swift */ = {isa = PBXFileReference; lastKnownFileType = sourcecode.swift; path = TodoResponse.swift; sourceTree = "<group>"; };
		1596BB3E2C7B9F4E0079D573 /* TodoListInteractorProtocol.swift */ = {isa = PBXFileReference; lastKnownFileType = sourcecode.swift; path = TodoListInteractorProtocol.swift; sourceTree = "<group>"; };
		1596BB402C7B9FC90079D573 /* TodoListPresenterProtocol.swift */ = {isa = PBXFileReference; lastKnownFileType = sourcecode.swift; path = TodoListPresenterProtocol.swift; sourceTree = "<group>"; };
		1596BB422C7B9FF50079D573 /* TodoListRouter.swift */ = {isa = PBXFileReference; lastKnownFileType = sourcecode.swift; path = TodoListRouter.swift; sourceTree = "<group>"; };
		1596BB4C2C7BF49A0079D573 /* DetailViewController.swift */ = {isa = PBXFileReference; lastKnownFileType = sourcecode.swift; path = DetailViewController.swift; sourceTree = "<group>"; };
		1596BB4E2C7BF4E40079D573 /* DetailViewProtocol.swift */ = {isa = PBXFileReference; lastKnownFileType = sourcecode.swift; path = DetailViewProtocol.swift; sourceTree = "<group>"; };
		1596BB502C7BF54D0079D573 /* DetailPresenter.swift */ = {isa = PBXFileReference; lastKnownFileType = sourcecode.swift; path = DetailPresenter.swift; sourceTree = "<group>"; };
		1596BB532C7BF5A20079D573 /* DetailPresenterProtocol.swift */ = {isa = PBXFileReference; lastKnownFileType = sourcecode.swift; path = DetailPresenterProtocol.swift; sourceTree = "<group>"; };
		1596BB552C7BF5D80079D573 /* DetailInteractor.swift */ = {isa = PBXFileReference; lastKnownFileType = sourcecode.swift; path = DetailInteractor.swift; sourceTree = "<group>"; };
		1596BB572C7BF5E70079D573 /* DetailInteractorProtocol.swift */ = {isa = PBXFileReference; lastKnownFileType = sourcecode.swift; path = DetailInteractorProtocol.swift; sourceTree = "<group>"; };
		1596BB592C7BF6270079D573 /* DetailRouter.swift */ = {isa = PBXFileReference; lastKnownFileType = sourcecode.swift; path = DetailRouter.swift; sourceTree = "<group>"; };
		1596BB5B2C7BF65C0079D573 /* DetailRouterProtocol.swift */ = {isa = PBXFileReference; lastKnownFileType = sourcecode.swift; path = DetailRouterProtocol.swift; sourceTree = "<group>"; };
		1596BB5D2C7E07EE0079D573 /* UIButtonExtensions.swift */ = {isa = PBXFileReference; lastKnownFileType = sourcecode.swift; path = UIButtonExtensions.swift; sourceTree = "<group>"; };
		1596BB5F2C7E162E0079D573 /* UIViewControllerExtensions.swift */ = {isa = PBXFileReference; lastKnownFileType = sourcecode.swift; path = UIViewControllerExtensions.swift; sourceTree = "<group>"; };
/* End PBXFileReference section */

/* Begin PBXFrameworksBuildPhase section */
		150773C32C78CE8200CE7044 /* Frameworks */ = {
			isa = PBXFrameworksBuildPhase;
			buildActionMask = 2147483647;
			files = (
				1596BB1B2C7B162E0079D573 /* SnapKit in Frameworks */,
				1596BB1D2C7B162E0079D573 /* SnapKit-Dynamic in Frameworks */,
			);
			runOnlyForDeploymentPostprocessing = 0;
		};
		150773DC2C78CE8400CE7044 /* Frameworks */ = {
			isa = PBXFrameworksBuildPhase;
			buildActionMask = 2147483647;
			files = (
			);
			runOnlyForDeploymentPostprocessing = 0;
		};
		150773E62C78CE8400CE7044 /* Frameworks */ = {
			isa = PBXFrameworksBuildPhase;
			buildActionMask = 2147483647;
			files = (
			);
			runOnlyForDeploymentPostprocessing = 0;
		};
/* End PBXFrameworksBuildPhase section */

/* Begin PBXGroup section */
		150773BD2C78CE8200CE7044 = {
			isa = PBXGroup;
			children = (
				150773C82C78CE8200CE7044 /* EffectiveToDo */,
				150773E22C78CE8400CE7044 /* EffectiveToDoTests */,
				150773EC2C78CE8400CE7044 /* EffectiveToDoUITests */,
				150773C72C78CE8200CE7044 /* Products */,
			);
			sourceTree = "<group>";
		};
		150773C72C78CE8200CE7044 /* Products */ = {
			isa = PBXGroup;
			children = (
				150773C62C78CE8200CE7044 /* EffectiveToDo.app */,
				150773DF2C78CE8400CE7044 /* EffectiveToDoTests.xctest */,
				150773E92C78CE8400CE7044 /* EffectiveToDoUITests.xctest */,
			);
			name = Products;
			sourceTree = "<group>";
		};
		150773C82C78CE8200CE7044 /* EffectiveToDo */ = {
			isa = PBXGroup;
			children = (
				150773FD2C7B0C3B00CE7044 /* Source */,
				150773FE2C7B0C4000CE7044 /* Resource */,
				150773D22C78CE8200CE7044 /* EffectiveToDo.xcdatamodeld */,
			);
			path = EffectiveToDo;
			sourceTree = "<group>";
		};
		150773E22C78CE8400CE7044 /* EffectiveToDoTests */ = {
			isa = PBXGroup;
			children = (
				150773E32C78CE8400CE7044 /* EffectiveToDoTests.swift */,
			);
			path = EffectiveToDoTests;
			sourceTree = "<group>";
		};
		150773EC2C78CE8400CE7044 /* EffectiveToDoUITests */ = {
			isa = PBXGroup;
			children = (
				150773ED2C78CE8400CE7044 /* EffectiveToDoUITests.swift */,
				150773EF2C78CE8400CE7044 /* EffectiveToDoUITestsLaunchTests.swift */,
			);
			path = EffectiveToDoUITests;
			sourceTree = "<group>";
		};
		150773FC2C7B0A4E00CE7044 /* ToDoModule */ = {
			isa = PBXGroup;
			children = (
				1596BB262C7B7FE30079D573 /* View */,
				1596BB272C7B7FEF0079D573 /* Interactor */,
				1596BB282C7B80000079D573 /* Presenter */,
				1596BB292C7B80070079D573 /* Entity */,
				1596BB2A2C7B800F0079D573 /* Router */,
			);
			path = ToDoModule;
			sourceTree = "<group>";
		};
		150773FD2C7B0C3B00CE7044 /* Source */ = {
			isa = PBXGroup;
			children = (
				1596BB452C7BF3DE0079D573 /* Flows */,
				1596BB442C7BF3A20079D573 /* Application */,
				1596BB3B2C7B9B810079D573 /* NetworkResponses */,
				1596BB232C7B7E6F0079D573 /* Helpers */,
				150773FF2C7B0C7400CE7044 /* Extensions */,
			);
			path = Source;
			sourceTree = "<group>";
		};
		150773FE2C7B0C4000CE7044 /* Resource */ = {
			isa = PBXGroup;
			children = (
				150773DA2C78CE8400CE7044 /* Info.plist */,
				150773D72C78CE8400CE7044 /* LaunchScreen.storyboard */,
				150773D52C78CE8400CE7044 /* Assets.xcassets */,
			);
			path = Resource;
			sourceTree = "<group>";
		};
		150773FF2C7B0C7400CE7044 /* Extensions */ = {
			isa = PBXGroup;
			children = (
				150774002C7B0C8F00CE7044 /* UIViewExtension.swift */,
				150774022C7B0CC600CE7044 /* NSObjectProtocol+Additions.swift */,
				1596BB212C7B359C0079D573 /* StringExtensions.swift */,
				1596BB5D2C7E07EE0079D573 /* UIButtonExtensions.swift */,
				1596BB5F2C7E162E0079D573 /* UIViewControllerExtensions.swift */,
			);
			path = Extensions;
			sourceTree = "<group>";
		};
		1596BB1E2C7B16A60079D573 /* UITableViewCells */ = {
			isa = PBXGroup;
			children = (
				1596BB1F2C7B17B80079D573 /* TodoTableViewCell.swift */,
			);
			path = UITableViewCells;
			sourceTree = "<group>";
		};
		1596BB232C7B7E6F0079D573 /* Helpers */ = {
			isa = PBXGroup;
			children = (
				1596BB242C7B7E840079D573 /* LaunchManager.swift */,
				1596BB352C7B87360079D573 /* CoreDataManager.swift */,
			);
			path = Helpers;
			sourceTree = "<group>";
		};
		1596BB262C7B7FE30079D573 /* View */ = {
			isa = PBXGroup;
			children = (
				1596BB1E2C7B16A60079D573 /* UITableViewCells */,
				150773CD2C78CE8200CE7044 /* TodoListViewController.swift */,
				1596BB2F2C7B86370079D573 /* TodoListViewProtocol.swift */,
			);
			path = View;
			sourceTree = "<group>";
		};
		1596BB272C7B7FEF0079D573 /* Interactor */ = {
			isa = PBXGroup;
			children = (
				1596BB2B2C7B83AD0079D573 /* TodoListInteractor.swift */,
				1596BB3E2C7B9F4E0079D573 /* TodoListInteractorProtocol.swift */,
			);
			path = Interactor;
			sourceTree = "<group>";
		};
		1596BB282C7B80000079D573 /* Presenter */ = {
			isa = PBXGroup;
			children = (
				1596BB2D2C7B83EE0079D573 /* TodoListPresenter.swift */,
				1596BB402C7B9FC90079D573 /* TodoListPresenterProtocol.swift */,
			);
			path = Presenter;
			sourceTree = "<group>";
		};
		1596BB292C7B80070079D573 /* Entity */ = {
			isa = PBXGroup;
			children = (
				1596BB332C7B86A90079D573 /* Todo.swift */,
				1596BB372C7B88F70079D573 /* TodoDBO+CoreDataClass.swift */,
				1596BB392C7B8AC00079D573 /* TodoDBO+CoreDataProperties.swift */,
			);
			path = Entity;
			sourceTree = "<group>";
		};
		1596BB2A2C7B800F0079D573 /* Router */ = {
			isa = PBXGroup;
			children = (
				1596BB312C7B869A0079D573 /* TodoListRouterProtocol.swift */,
				1596BB422C7B9FF50079D573 /* TodoListRouter.swift */,
			);
			path = Router;
			sourceTree = "<group>";
		};
		1596BB3B2C7B9B810079D573 /* NetworkResponses */ = {
			isa = PBXGroup;
			children = (
				1596BB3C2C7B9B9B0079D573 /* TodoResponse.swift */,
			);
			path = NetworkResponses;
			sourceTree = "<group>";
		};
		1596BB442C7BF3A20079D573 /* Application */ = {
			isa = PBXGroup;
			children = (
				150773C92C78CE8200CE7044 /* AppDelegate.swift */,
				150773CB2C78CE8200CE7044 /* SceneDelegate.swift */,
			);
			path = Application;
			sourceTree = "<group>";
		};
		1596BB452C7BF3DE0079D573 /* Flows */ = {
			isa = PBXGroup;
			children = (
				150773FC2C7B0A4E00CE7044 /* ToDoModule */,
				1596BB462C7BF3F00079D573 /* DetailScreenModule */,
			);
			path = Flows;
			sourceTree = "<group>";
		};
		1596BB462C7BF3F00079D573 /* DetailScreenModule */ = {
			isa = PBXGroup;
			children = (
				1596BB472C7BF4200079D573 /* View */,
				1596BB482C7BF4260079D573 /* Interactor */,
				1596BB492C7BF42F0079D573 /* Presenter */,
				1596BB4A2C7BF43E0079D573 /* Entity */,
				1596BB4B2C7BF4490079D573 /* Router */,
			);
			path = DetailScreenModule;
			sourceTree = "<group>";
		};
		1596BB472C7BF4200079D573 /* View */ = {
			isa = PBXGroup;
			children = (
				1596BB4C2C7BF49A0079D573 /* DetailViewController.swift */,
				1596BB4E2C7BF4E40079D573 /* DetailViewProtocol.swift */,
			);
			path = View;
			sourceTree = "<group>";
		};
		1596BB482C7BF4260079D573 /* Interactor */ = {
			isa = PBXGroup;
			children = (
				1596BB552C7BF5D80079D573 /* DetailInteractor.swift */,
				1596BB572C7BF5E70079D573 /* DetailInteractorProtocol.swift */,
			);
			path = Interactor;
			sourceTree = "<group>";
		};
		1596BB492C7BF42F0079D573 /* Presenter */ = {
			isa = PBXGroup;
			children = (
				1596BB502C7BF54D0079D573 /* DetailPresenter.swift */,
				1596BB532C7BF5A20079D573 /* DetailPresenterProtocol.swift */,
			);
			path = Presenter;
			sourceTree = "<group>";
		};
		1596BB4A2C7BF43E0079D573 /* Entity */ = {
			isa = PBXGroup;
			children = (
			);
			path = Entity;
			sourceTree = "<group>";
		};
		1596BB4B2C7BF4490079D573 /* Router */ = {
			isa = PBXGroup;
			children = (
				1596BB592C7BF6270079D573 /* DetailRouter.swift */,
				1596BB5B2C7BF65C0079D573 /* DetailRouterProtocol.swift */,
			);
			path = Router;
			sourceTree = "<group>";
		};
/* End PBXGroup section */

/* Begin PBXNativeTarget section */
		150773C52C78CE8200CE7044 /* EffectiveToDo */ = {
			isa = PBXNativeTarget;
			buildConfigurationList = 150773F32C78CE8400CE7044 /* Build configuration list for PBXNativeTarget "EffectiveToDo" */;
			buildPhases = (
				150773C22C78CE8200CE7044 /* Sources */,
				150773C32C78CE8200CE7044 /* Frameworks */,
				150773C42C78CE8200CE7044 /* Resources */,
			);
			buildRules = (
			);
			dependencies = (
			);
			name = EffectiveToDo;
			packageProductDependencies = (
				1596BB1A2C7B162E0079D573 /* SnapKit */,
				1596BB1C2C7B162E0079D573 /* SnapKit-Dynamic */,
			);
			productName = EffectiveToDo;
			productReference = 150773C62C78CE8200CE7044 /* EffectiveToDo.app */;
			productType = "com.apple.product-type.application";
		};
		150773DE2C78CE8400CE7044 /* EffectiveToDoTests */ = {
			isa = PBXNativeTarget;
			buildConfigurationList = 150773F62C78CE8400CE7044 /* Build configuration list for PBXNativeTarget "EffectiveToDoTests" */;
			buildPhases = (
				150773DB2C78CE8400CE7044 /* Sources */,
				150773DC2C78CE8400CE7044 /* Frameworks */,
				150773DD2C78CE8400CE7044 /* Resources */,
			);
			buildRules = (
			);
			dependencies = (
				150773E12C78CE8400CE7044 /* PBXTargetDependency */,
			);
			name = EffectiveToDoTests;
			productName = EffectiveToDoTests;
			productReference = 150773DF2C78CE8400CE7044 /* EffectiveToDoTests.xctest */;
			productType = "com.apple.product-type.bundle.unit-test";
		};
		150773E82C78CE8400CE7044 /* EffectiveToDoUITests */ = {
			isa = PBXNativeTarget;
			buildConfigurationList = 150773F92C78CE8400CE7044 /* Build configuration list for PBXNativeTarget "EffectiveToDoUITests" */;
			buildPhases = (
				150773E52C78CE8400CE7044 /* Sources */,
				150773E62C78CE8400CE7044 /* Frameworks */,
				150773E72C78CE8400CE7044 /* Resources */,
			);
			buildRules = (
			);
			dependencies = (
				150773EB2C78CE8400CE7044 /* PBXTargetDependency */,
			);
			name = EffectiveToDoUITests;
			productName = EffectiveToDoUITests;
			productReference = 150773E92C78CE8400CE7044 /* EffectiveToDoUITests.xctest */;
			productType = "com.apple.product-type.bundle.ui-testing";
		};
/* End PBXNativeTarget section */

/* Begin PBXProject section */
		150773BE2C78CE8200CE7044 /* Project object */ = {
			isa = PBXProject;
			attributes = {
				BuildIndependentTargetsInParallel = 1;
				LastSwiftUpdateCheck = 1500;
				LastUpgradeCheck = 1500;
				TargetAttributes = {
					150773C52C78CE8200CE7044 = {
						CreatedOnToolsVersion = 15.0;
					};
					150773DE2C78CE8400CE7044 = {
						CreatedOnToolsVersion = 15.0;
						TestTargetID = 150773C52C78CE8200CE7044;
					};
					150773E82C78CE8400CE7044 = {
						CreatedOnToolsVersion = 15.0;
						TestTargetID = 150773C52C78CE8200CE7044;
					};
				};
			};
			buildConfigurationList = 150773C12C78CE8200CE7044 /* Build configuration list for PBXProject "EffectiveToDo" */;
			compatibilityVersion = "Xcode 14.0";
			developmentRegion = en;
			hasScannedForEncodings = 0;
			knownRegions = (
				en,
				Base,
			);
			mainGroup = 150773BD2C78CE8200CE7044;
			packageReferences = (
				1596BB192C7B162E0079D573 /* XCRemoteSwiftPackageReference "SnapKit" */,
			);
			productRefGroup = 150773C72C78CE8200CE7044 /* Products */;
			projectDirPath = "";
			projectRoot = "";
			targets = (
				150773C52C78CE8200CE7044 /* EffectiveToDo */,
				150773DE2C78CE8400CE7044 /* EffectiveToDoTests */,
				150773E82C78CE8400CE7044 /* EffectiveToDoUITests */,
			);
		};
/* End PBXProject section */

/* Begin PBXResourcesBuildPhase section */
		150773C42C78CE8200CE7044 /* Resources */ = {
			isa = PBXResourcesBuildPhase;
			buildActionMask = 2147483647;
			files = (
				150773D92C78CE8400CE7044 /* LaunchScreen.storyboard in Resources */,
				150773D62C78CE8400CE7044 /* Assets.xcassets in Resources */,
			);
			runOnlyForDeploymentPostprocessing = 0;
		};
		150773DD2C78CE8400CE7044 /* Resources */ = {
			isa = PBXResourcesBuildPhase;
			buildActionMask = 2147483647;
			files = (
			);
			runOnlyForDeploymentPostprocessing = 0;
		};
		150773E72C78CE8400CE7044 /* Resources */ = {
			isa = PBXResourcesBuildPhase;
			buildActionMask = 2147483647;
			files = (
			);
			runOnlyForDeploymentPostprocessing = 0;
		};
/* End PBXResourcesBuildPhase section */

/* Begin PBXSourcesBuildPhase section */
		150773C22C78CE8200CE7044 /* Sources */ = {
			isa = PBXSourcesBuildPhase;
			buildActionMask = 2147483647;
			files = (
				1596BB222C7B359C0079D573 /* StringExtensions.swift in Sources */,
				1596BB202C7B17B80079D573 /* TodoTableViewCell.swift in Sources */,
				1596BB3F2C7B9F4E0079D573 /* TodoListInteractorProtocol.swift in Sources */,
				1596BB5C2C7BF65C0079D573 /* DetailRouterProtocol.swift in Sources */,
				1596BB432C7B9FF50079D573 /* TodoListRouter.swift in Sources */,
				1596BB382C7B88F70079D573 /* TodoDBO+CoreDataClass.swift in Sources */,
				1596BB5A2C7BF6270079D573 /* DetailRouter.swift in Sources */,
				150774032C7B0CC600CE7044 /* NSObjectProtocol+Additions.swift in Sources */,
				1596BB582C7BF5E70079D573 /* DetailInteractorProtocol.swift in Sources */,
				1596BB362C7B87360079D573 /* CoreDataManager.swift in Sources */,
				150774012C7B0C8F00CE7044 /* UIViewExtension.swift in Sources */,
				150773CE2C78CE8200CE7044 /* TodoListViewController.swift in Sources */,
				1596BB322C7B869A0079D573 /* TodoListRouterProtocol.swift in Sources */,
				1596BB302C7B86370079D573 /* TodoListViewProtocol.swift in Sources */,
				1596BB512C7BF54D0079D573 /* DetailPresenter.swift in Sources */,
				1596BB5E2C7E07EE0079D573 /* UIButtonExtensions.swift in Sources */,
				1596BB4F2C7BF4E40079D573 /* DetailViewProtocol.swift in Sources */,
				1596BB4D2C7BF49A0079D573 /* DetailViewController.swift in Sources */,
				1596BB412C7B9FC90079D573 /* TodoListPresenterProtocol.swift in Sources */,
				1596BB3A2C7B8AC00079D573 /* TodoDBO+CoreDataProperties.swift in Sources */,
				150773D42C78CE8200CE7044 /* EffectiveToDo.xcdatamodeld in Sources */,
				1596BB602C7E162E0079D573 /* UIViewControllerExtensions.swift in Sources */,
				1596BB2E2C7B83EE0079D573 /* TodoListPresenter.swift in Sources */,
				150773CA2C78CE8200CE7044 /* AppDelegate.swift in Sources */,
				1596BB252C7B7E840079D573 /* LaunchManager.swift in Sources */,
				1596BB3D2C7B9B9B0079D573 /* TodoResponse.swift in Sources */,
				1596BB562C7BF5D80079D573 /* DetailInteractor.swift in Sources */,
				1596BB2C2C7B83AD0079D573 /* TodoListInteractor.swift in Sources */,
				1596BB542C7BF5A20079D573 /* DetailPresenterProtocol.swift in Sources */,
				1596BB342C7B86A90079D573 /* Todo.swift in Sources */,
				150773CC2C78CE8200CE7044 /* SceneDelegate.swift in Sources */,
			);
			runOnlyForDeploymentPostprocessing = 0;
		};
		150773DB2C78CE8400CE7044 /* Sources */ = {
			isa = PBXSourcesBuildPhase;
			buildActionMask = 2147483647;
			files = (
				150773E42C78CE8400CE7044 /* EffectiveToDoTests.swift in Sources */,
			);
			runOnlyForDeploymentPostprocessing = 0;
		};
		150773E52C78CE8400CE7044 /* Sources */ = {
			isa = PBXSourcesBuildPhase;
			buildActionMask = 2147483647;
			files = (
				150773F02C78CE8400CE7044 /* EffectiveToDoUITestsLaunchTests.swift in Sources */,
				150773EE2C78CE8400CE7044 /* EffectiveToDoUITests.swift in Sources */,
			);
			runOnlyForDeploymentPostprocessing = 0;
		};
/* End PBXSourcesBuildPhase section */

/* Begin PBXTargetDependency section */
		150773E12C78CE8400CE7044 /* PBXTargetDependency */ = {
			isa = PBXTargetDependency;
			target = 150773C52C78CE8200CE7044 /* EffectiveToDo */;
			targetProxy = 150773E02C78CE8400CE7044 /* PBXContainerItemProxy */;
		};
		150773EB2C78CE8400CE7044 /* PBXTargetDependency */ = {
			isa = PBXTargetDependency;
			target = 150773C52C78CE8200CE7044 /* EffectiveToDo */;
			targetProxy = 150773EA2C78CE8400CE7044 /* PBXContainerItemProxy */;
		};
/* End PBXTargetDependency section */

/* Begin PBXVariantGroup section */
		150773D72C78CE8400CE7044 /* LaunchScreen.storyboard */ = {
			isa = PBXVariantGroup;
			children = (
				150773D82C78CE8400CE7044 /* Base */,
			);
			name = LaunchScreen.storyboard;
			sourceTree = "<group>";
		};
/* End PBXVariantGroup section */

/* Begin XCBuildConfiguration section */
		150773F12C78CE8400CE7044 /* Debug */ = {
			isa = XCBuildConfiguration;
			buildSettings = {
				ALWAYS_SEARCH_USER_PATHS = NO;
				ASSETCATALOG_COMPILER_GENERATE_SWIFT_ASSET_SYMBOL_EXTENSIONS = YES;
				CLANG_ANALYZER_NONNULL = YES;
				CLANG_ANALYZER_NUMBER_OBJECT_CONVERSION = YES_AGGRESSIVE;
				CLANG_CXX_LANGUAGE_STANDARD = "gnu++20";
				CLANG_ENABLE_MODULES = YES;
				CLANG_ENABLE_OBJC_ARC = YES;
				CLANG_ENABLE_OBJC_WEAK = YES;
				CLANG_WARN_BLOCK_CAPTURE_AUTORELEASING = YES;
				CLANG_WARN_BOOL_CONVERSION = YES;
				CLANG_WARN_COMMA = YES;
				CLANG_WARN_CONSTANT_CONVERSION = YES;
				CLANG_WARN_DEPRECATED_OBJC_IMPLEMENTATIONS = YES;
				CLANG_WARN_DIRECT_OBJC_ISA_USAGE = YES_ERROR;
				CLANG_WARN_DOCUMENTATION_COMMENTS = YES;
				CLANG_WARN_EMPTY_BODY = YES;
				CLANG_WARN_ENUM_CONVERSION = YES;
				CLANG_WARN_INFINITE_RECURSION = YES;
				CLANG_WARN_INT_CONVERSION = YES;
				CLANG_WARN_NON_LITERAL_NULL_CONVERSION = YES;
				CLANG_WARN_OBJC_IMPLICIT_RETAIN_SELF = YES;
				CLANG_WARN_OBJC_LITERAL_CONVERSION = YES;
				CLANG_WARN_OBJC_ROOT_CLASS = YES_ERROR;
				CLANG_WARN_QUOTED_INCLUDE_IN_FRAMEWORK_HEADER = YES;
				CLANG_WARN_RANGE_LOOP_ANALYSIS = YES;
				CLANG_WARN_STRICT_PROTOTYPES = YES;
				CLANG_WARN_SUSPICIOUS_MOVE = YES;
				CLANG_WARN_UNGUARDED_AVAILABILITY = YES_AGGRESSIVE;
				CLANG_WARN_UNREACHABLE_CODE = YES;
				CLANG_WARN__DUPLICATE_METHOD_MATCH = YES;
				COPY_PHASE_STRIP = NO;
				DEBUG_INFORMATION_FORMAT = dwarf;
				ENABLE_STRICT_OBJC_MSGSEND = YES;
				ENABLE_TESTABILITY = YES;
				ENABLE_USER_SCRIPT_SANDBOXING = YES;
				GCC_C_LANGUAGE_STANDARD = gnu17;
				GCC_DYNAMIC_NO_PIC = NO;
				GCC_NO_COMMON_BLOCKS = YES;
				GCC_OPTIMIZATION_LEVEL = 0;
				GCC_PREPROCESSOR_DEFINITIONS = (
					"DEBUG=1",
					"$(inherited)",
				);
				GCC_WARN_64_TO_32_BIT_CONVERSION = YES;
				GCC_WARN_ABOUT_RETURN_TYPE = YES_ERROR;
				GCC_WARN_UNDECLARED_SELECTOR = YES;
				GCC_WARN_UNINITIALIZED_AUTOS = YES_AGGRESSIVE;
				GCC_WARN_UNUSED_FUNCTION = YES;
				GCC_WARN_UNUSED_VARIABLE = YES;
				IPHONEOS_DEPLOYMENT_TARGET = 17.0;
				LOCALIZATION_PREFERS_STRING_CATALOGS = YES;
				MTL_ENABLE_DEBUG_INFO = INCLUDE_SOURCE;
				MTL_FAST_MATH = YES;
				ONLY_ACTIVE_ARCH = YES;
				SDKROOT = iphoneos;
				SWIFT_ACTIVE_COMPILATION_CONDITIONS = "DEBUG $(inherited)";
				SWIFT_OPTIMIZATION_LEVEL = "-Onone";
			};
			name = Debug;
		};
		150773F22C78CE8400CE7044 /* Release */ = {
			isa = XCBuildConfiguration;
			buildSettings = {
				ALWAYS_SEARCH_USER_PATHS = NO;
				ASSETCATALOG_COMPILER_GENERATE_SWIFT_ASSET_SYMBOL_EXTENSIONS = YES;
				CLANG_ANALYZER_NONNULL = YES;
				CLANG_ANALYZER_NUMBER_OBJECT_CONVERSION = YES_AGGRESSIVE;
				CLANG_CXX_LANGUAGE_STANDARD = "gnu++20";
				CLANG_ENABLE_MODULES = YES;
				CLANG_ENABLE_OBJC_ARC = YES;
				CLANG_ENABLE_OBJC_WEAK = YES;
				CLANG_WARN_BLOCK_CAPTURE_AUTORELEASING = YES;
				CLANG_WARN_BOOL_CONVERSION = YES;
				CLANG_WARN_COMMA = YES;
				CLANG_WARN_CONSTANT_CONVERSION = YES;
				CLANG_WARN_DEPRECATED_OBJC_IMPLEMENTATIONS = YES;
				CLANG_WARN_DIRECT_OBJC_ISA_USAGE = YES_ERROR;
				CLANG_WARN_DOCUMENTATION_COMMENTS = YES;
				CLANG_WARN_EMPTY_BODY = YES;
				CLANG_WARN_ENUM_CONVERSION = YES;
				CLANG_WARN_INFINITE_RECURSION = YES;
				CLANG_WARN_INT_CONVERSION = YES;
				CLANG_WARN_NON_LITERAL_NULL_CONVERSION = YES;
				CLANG_WARN_OBJC_IMPLICIT_RETAIN_SELF = YES;
				CLANG_WARN_OBJC_LITERAL_CONVERSION = YES;
				CLANG_WARN_OBJC_ROOT_CLASS = YES_ERROR;
				CLANG_WARN_QUOTED_INCLUDE_IN_FRAMEWORK_HEADER = YES;
				CLANG_WARN_RANGE_LOOP_ANALYSIS = YES;
				CLANG_WARN_STRICT_PROTOTYPES = YES;
				CLANG_WARN_SUSPICIOUS_MOVE = YES;
				CLANG_WARN_UNGUARDED_AVAILABILITY = YES_AGGRESSIVE;
				CLANG_WARN_UNREACHABLE_CODE = YES;
				CLANG_WARN__DUPLICATE_METHOD_MATCH = YES;
				COPY_PHASE_STRIP = NO;
				DEBUG_INFORMATION_FORMAT = "dwarf-with-dsym";
				ENABLE_NS_ASSERTIONS = NO;
				ENABLE_STRICT_OBJC_MSGSEND = YES;
				ENABLE_USER_SCRIPT_SANDBOXING = YES;
				GCC_C_LANGUAGE_STANDARD = gnu17;
				GCC_NO_COMMON_BLOCKS = YES;
				GCC_WARN_64_TO_32_BIT_CONVERSION = YES;
				GCC_WARN_ABOUT_RETURN_TYPE = YES_ERROR;
				GCC_WARN_UNDECLARED_SELECTOR = YES;
				GCC_WARN_UNINITIALIZED_AUTOS = YES_AGGRESSIVE;
				GCC_WARN_UNUSED_FUNCTION = YES;
				GCC_WARN_UNUSED_VARIABLE = YES;
				IPHONEOS_DEPLOYMENT_TARGET = 17.0;
				LOCALIZATION_PREFERS_STRING_CATALOGS = YES;
				MTL_ENABLE_DEBUG_INFO = NO;
				MTL_FAST_MATH = YES;
				SDKROOT = iphoneos;
				SWIFT_COMPILATION_MODE = wholemodule;
				VALIDATE_PRODUCT = YES;
			};
			name = Release;
		};
		150773F42C78CE8400CE7044 /* Debug */ = {
			isa = XCBuildConfiguration;
			buildSettings = {
				ASSETCATALOG_COMPILER_APPICON_NAME = AppIcon;
				ASSETCATALOG_COMPILER_GLOBAL_ACCENT_COLOR_NAME = AccentColor;
				CODE_SIGN_STYLE = Automatic;
				CURRENT_PROJECT_VERSION = 1;
				DEVELOPMENT_TEAM = WM2J5647TH;
				GENERATE_INFOPLIST_FILE = YES;
				INFOPLIST_FILE = EffectiveToDo/Resource/Info.plist;
				INFOPLIST_KEY_UIApplicationSupportsIndirectInputEvents = YES;
				INFOPLIST_KEY_UILaunchStoryboardName = LaunchScreen;
				INFOPLIST_KEY_UISupportedInterfaceOrientations = UIInterfaceOrientationPortrait;
				LD_RUNPATH_SEARCH_PATHS = (
					"$(inherited)",
					"@executable_path/Frameworks",
				);
				MARKETING_VERSION = 1.0;
				PRODUCT_BUNDLE_IDENTIFIER = SergeyKuznetsov.EffectiveToDo;
				PRODUCT_NAME = "$(TARGET_NAME)";
				SWIFT_EMIT_LOC_STRINGS = YES;
				SWIFT_VERSION = 5.0;
				TARGETED_DEVICE_FAMILY = "1,2";
			};
			name = Debug;
		};
		150773F52C78CE8400CE7044 /* Release */ = {
			isa = XCBuildConfiguration;
			buildSettings = {
				ASSETCATALOG_COMPILER_APPICON_NAME = AppIcon;
				ASSETCATALOG_COMPILER_GLOBAL_ACCENT_COLOR_NAME = AccentColor;
				CODE_SIGN_STYLE = Automatic;
				CURRENT_PROJECT_VERSION = 1;
				DEVELOPMENT_TEAM = WM2J5647TH;
				GENERATE_INFOPLIST_FILE = YES;
				INFOPLIST_FILE = EffectiveToDo/Resource/Info.plist;
				INFOPLIST_KEY_UIApplicationSupportsIndirectInputEvents = YES;
				INFOPLIST_KEY_UILaunchStoryboardName = LaunchScreen;
				INFOPLIST_KEY_UISupportedInterfaceOrientations = UIInterfaceOrientationPortrait;
				LD_RUNPATH_SEARCH_PATHS = (
					"$(inherited)",
					"@executable_path/Frameworks",
				);
				MARKETING_VERSION = 1.0;
				PRODUCT_BUNDLE_IDENTIFIER = SergeyKuznetsov.EffectiveToDo;
				PRODUCT_NAME = "$(TARGET_NAME)";
				SWIFT_EMIT_LOC_STRINGS = YES;
				SWIFT_VERSION = 5.0;
				TARGETED_DEVICE_FAMILY = "1,2";
			};
			name = Release;
		};
		150773F72C78CE8400CE7044 /* Debug */ = {
			isa = XCBuildConfiguration;
			buildSettings = {
				ALWAYS_EMBED_SWIFT_STANDARD_LIBRARIES = YES;
				BUNDLE_LOADER = "$(TEST_HOST)";
				CODE_SIGN_STYLE = Automatic;
				CURRENT_PROJECT_VERSION = 1;
				DEVELOPMENT_TEAM = WM2J5647TH;
				GENERATE_INFOPLIST_FILE = YES;
				IPHONEOS_DEPLOYMENT_TARGET = 17.0;
				MARKETING_VERSION = 1.0;
				PRODUCT_BUNDLE_IDENTIFIER = SergeyKuznetsov.EffectiveToDoTests;
				PRODUCT_NAME = "$(TARGET_NAME)";
				SWIFT_EMIT_LOC_STRINGS = NO;
				SWIFT_VERSION = 5.0;
				TARGETED_DEVICE_FAMILY = "1,2";
				TEST_HOST = "$(BUILT_PRODUCTS_DIR)/EffectiveToDo.app/$(BUNDLE_EXECUTABLE_FOLDER_PATH)/EffectiveToDo";
			};
			name = Debug;
		};
		150773F82C78CE8400CE7044 /* Release */ = {
			isa = XCBuildConfiguration;
			buildSettings = {
				ALWAYS_EMBED_SWIFT_STANDARD_LIBRARIES = YES;
				BUNDLE_LOADER = "$(TEST_HOST)";
				CODE_SIGN_STYLE = Automatic;
				CURRENT_PROJECT_VERSION = 1;
				DEVELOPMENT_TEAM = WM2J5647TH;
				GENERATE_INFOPLIST_FILE = YES;
				IPHONEOS_DEPLOYMENT_TARGET = 17.0;
				MARKETING_VERSION = 1.0;
				PRODUCT_BUNDLE_IDENTIFIER = SergeyKuznetsov.EffectiveToDoTests;
				PRODUCT_NAME = "$(TARGET_NAME)";
				SWIFT_EMIT_LOC_STRINGS = NO;
				SWIFT_VERSION = 5.0;
				TARGETED_DEVICE_FAMILY = "1,2";
				TEST_HOST = "$(BUILT_PRODUCTS_DIR)/EffectiveToDo.app/$(BUNDLE_EXECUTABLE_FOLDER_PATH)/EffectiveToDo";
			};
			name = Release;
		};
		150773FA2C78CE8400CE7044 /* Debug */ = {
			isa = XCBuildConfiguration;
			buildSettings = {
				ALWAYS_EMBED_SWIFT_STANDARD_LIBRARIES = YES;
				CODE_SIGN_STYLE = Automatic;
				CURRENT_PROJECT_VERSION = 1;
				DEVELOPMENT_TEAM = WM2J5647TH;
				GENERATE_INFOPLIST_FILE = YES;
				MARKETING_VERSION = 1.0;
				PRODUCT_BUNDLE_IDENTIFIER = SergeyKuznetsov.EffectiveToDoUITests;
				PRODUCT_NAME = "$(TARGET_NAME)";
				SWIFT_EMIT_LOC_STRINGS = NO;
				SWIFT_VERSION = 5.0;
				TARGETED_DEVICE_FAMILY = "1,2";
				TEST_TARGET_NAME = EffectiveToDo;
			};
			name = Debug;
		};
		150773FB2C78CE8400CE7044 /* Release */ = {
			isa = XCBuildConfiguration;
			buildSettings = {
				ALWAYS_EMBED_SWIFT_STANDARD_LIBRARIES = YES;
				CODE_SIGN_STYLE = Automatic;
				CURRENT_PROJECT_VERSION = 1;
				DEVELOPMENT_TEAM = WM2J5647TH;
				GENERATE_INFOPLIST_FILE = YES;
				MARKETING_VERSION = 1.0;
				PRODUCT_BUNDLE_IDENTIFIER = SergeyKuznetsov.EffectiveToDoUITests;
				PRODUCT_NAME = "$(TARGET_NAME)";
				SWIFT_EMIT_LOC_STRINGS = NO;
				SWIFT_VERSION = 5.0;
				TARGETED_DEVICE_FAMILY = "1,2";
				TEST_TARGET_NAME = EffectiveToDo;
			};
			name = Release;
		};
/* End XCBuildConfiguration section */

/* Begin XCConfigurationList section */
		150773C12C78CE8200CE7044 /* Build configuration list for PBXProject "EffectiveToDo" */ = {
			isa = XCConfigurationList;
			buildConfigurations = (
				150773F12C78CE8400CE7044 /* Debug */,
				150773F22C78CE8400CE7044 /* Release */,
			);
			defaultConfigurationIsVisible = 0;
			defaultConfigurationName = Release;
		};
		150773F32C78CE8400CE7044 /* Build configuration list for PBXNativeTarget "EffectiveToDo" */ = {
			isa = XCConfigurationList;
			buildConfigurations = (
				150773F42C78CE8400CE7044 /* Debug */,
				150773F52C78CE8400CE7044 /* Release */,
			);
			defaultConfigurationIsVisible = 0;
			defaultConfigurationName = Release;
		};
		150773F62C78CE8400CE7044 /* Build configuration list for PBXNativeTarget "EffectiveToDoTests" */ = {
			isa = XCConfigurationList;
			buildConfigurations = (
				150773F72C78CE8400CE7044 /* Debug */,
				150773F82C78CE8400CE7044 /* Release */,
			);
			defaultConfigurationIsVisible = 0;
			defaultConfigurationName = Release;
		};
		150773F92C78CE8400CE7044 /* Build configuration list for PBXNativeTarget "EffectiveToDoUITests" */ = {
			isa = XCConfigurationList;
			buildConfigurations = (
				150773FA2C78CE8400CE7044 /* Debug */,
				150773FB2C78CE8400CE7044 /* Release */,
			);
			defaultConfigurationIsVisible = 0;
			defaultConfigurationName = Release;
		};
/* End XCConfigurationList section */

/* Begin XCRemoteSwiftPackageReference section */
		1596BB192C7B162E0079D573 /* XCRemoteSwiftPackageReference "SnapKit" */ = {
			isa = XCRemoteSwiftPackageReference;
			repositoryURL = "https://github.com/SnapKit/SnapKit";
			requirement = {
				kind = upToNextMajorVersion;
				minimumVersion = 5.7.1;
			};
		};
/* End XCRemoteSwiftPackageReference section */

/* Begin XCSwiftPackageProductDependency section */
		1596BB1A2C7B162E0079D573 /* SnapKit */ = {
			isa = XCSwiftPackageProductDependency;
			package = 1596BB192C7B162E0079D573 /* XCRemoteSwiftPackageReference "SnapKit" */;
			productName = SnapKit;
		};
		1596BB1C2C7B162E0079D573 /* SnapKit-Dynamic */ = {
			isa = XCSwiftPackageProductDependency;
			package = 1596BB192C7B162E0079D573 /* XCRemoteSwiftPackageReference "SnapKit" */;
			productName = "SnapKit-Dynamic";
		};
/* End XCSwiftPackageProductDependency section */

/* Begin XCVersionGroup section */
		150773D22C78CE8200CE7044 /* EffectiveToDo.xcdatamodeld */ = {
			isa = XCVersionGroup;
			children = (
				150773D32C78CE8200CE7044 /* EffectiveToDo.xcdatamodel */,
			);
			currentVersion = 150773D32C78CE8200CE7044 /* EffectiveToDo.xcdatamodel */;
			path = EffectiveToDo.xcdatamodeld;
			sourceTree = "<group>";
			versionGroupType = wrapper.xcdatamodel;
		};
/* End XCVersionGroup section */
	};
	rootObject = 150773BE2C78CE8200CE7044 /* Project object */;
}
